
Microsoft Visual Studio Solution File, Format Version 12.00
# Visual Studio Version 17
VisualStudioVersion = 17.4.33122.133
MinimumVisualStudioVersion = 10.0.40219.1
Project("{2150E333-8FDC-42A3-9474-1A3956D46DE8}") = "ProjectApp", "ProjectApp", "{367D2951-41D1-4AD2-8CB1-067B9CFDBD3A}"
EndProject
Project("{9A19103F-16F7-4668-BE54-9A1E7A4F7556}") = "RootRPGAPI", "RootRPGAPI\RootRPGAPI.csproj", "{7A12CB58-EA26-4443-BF06-B94D5C357AB4}"
EndProject
Project("{9A19103F-16F7-4668-BE54-9A1E7A4F7556}") = "RootRPGProject", "RootRPGProject\RootRPGProject\RootRPGProject.csproj", "{C930925C-64DE-4553-9EF5-D45ECA941469}"
EndProject
Project("{FAE04EC0-301F-11D3-BF4B-00C04F79EFBC}") = "RootRPGProject.Android", "RootRPGProject\RootRPGProject.Android\RootRPGProject.Android.csproj", "{CB01A443-89E7-42ED-9A44-FC8884B7457F}"
EndProject
Project("{FAE04EC0-301F-11D3-BF4B-00C04F79EFBC}") = "RootRPGProject.iOS", "RootRPGProject\RootRPGProject.iOS\RootRPGProject.iOS.csproj", "{F3574C6D-B0CE-4587-A55D-996644257876}"
EndProject
Global
	GlobalSection(SolutionConfigurationPlatforms) = preSolution
		Debug|Any CPU = Debug|Any CPU
		Debug|iPhone = Debug|iPhone
		Debug|iPhoneSimulator = Debug|iPhoneSimulator
		Release|Any CPU = Release|Any CPU
		Release|iPhone = Release|iPhone
		Release|iPhoneSimulator = Release|iPhoneSimulator
	EndGlobalSection
	GlobalSection(ProjectConfigurationPlatforms) = postSolution
		{7A12CB58-EA26-4443-BF06-B94D5C357AB4}.Debug|Any CPU.ActiveCfg = Debug|Any CPU
		{7A12CB58-EA26-4443-BF06-B94D5C357AB4}.Debug|Any CPU.Build.0 = Debug|Any CPU
		{7A12CB58-EA26-4443-BF06-B94D5C357AB4}.Debug|iPhone.ActiveCfg = Debug|Any CPU
		{7A12CB58-EA26-4443-BF06-B94D5C357AB4}.Debug|iPhone.Build.0 = Debug|Any CPU
		{7A12CB58-EA26-4443-BF06-B94D5C357AB4}.Debug|iPhoneSimulator.ActiveCfg = Debug|Any CPU
		{7A12CB58-EA26-4443-BF06-B94D5C357AB4}.Debug|iPhoneSimulator.Build.0 = Debug|Any CPU
		{7A12CB58-EA26-4443-BF06-B94D5C357AB4}.Release|Any CPU.ActiveCfg = Release|Any CPU
		{7A12CB58-EA26-4443-BF06-B94D5C357AB4}.Release|Any CPU.Build.0 = Release|Any CPU
		{7A12CB58-EA26-4443-BF06-B94D5C357AB4}.Release|iPhone.ActiveCfg = Release|Any CPU
		{7A12CB58-EA26-4443-BF06-B94D5C357AB4}.Release|iPhone.Build.0 = Release|Any CPU
		{7A12CB58-EA26-4443-BF06-B94D5C357AB4}.Release|iPhoneSimulator.ActiveCfg = Release|Any CPU
		{7A12CB58-EA26-4443-BF06-B94D5C357AB4}.Release|iPhoneSimulator.Build.0 = Release|Any CPU
		{C930925C-64DE-4553-9EF5-D45ECA941469}.Debug|Any CPU.ActiveCfg = Debug|Any CPU
		{C930925C-64DE-4553-9EF5-D45ECA941469}.Debug|Any CPU.Build.0 = Debug|Any CPU
		{C930925C-64DE-4553-9EF5-D45ECA941469}.Debug|iPhone.ActiveCfg = Debug|Any CPU
		{C930925C-64DE-4553-9EF5-D45ECA941469}.Debug|iPhone.Build.0 = Debug|Any CPU
		{C930925C-64DE-4553-9EF5-D45ECA941469}.Debug|iPhoneSimulator.ActiveCfg = Debug|Any CPU
		{C930925C-64DE-4553-9EF5-D45ECA941469}.Debug|iPhoneSimulator.Build.0 = Debug|Any CPU
		{C930925C-64DE-4553-9EF5-D45ECA941469}.Release|Any CPU.ActiveCfg = Release|Any CPU
		{C930925C-64DE-4553-9EF5-D45ECA941469}.Release|Any CPU.Build.0 = Release|Any CPU
		{C930925C-64DE-4553-9EF5-D45ECA941469}.Release|iPhone.ActiveCfg = Release|Any CPU
		{C930925C-64DE-4553-9EF5-D45ECA941469}.Release|iPhone.Build.0 = Release|Any CPU
		{C930925C-64DE-4553-9EF5-D45ECA941469}.Release|iPhoneSimulator.ActiveCfg = Release|Any CPU
		{C930925C-64DE-4553-9EF5-D45ECA941469}.Release|iPhoneSimulator.Build.0 = Release|Any CPU
		{CB01A443-89E7-42ED-9A44-FC8884B7457F}.Debug|Any CPU.ActiveCfg = Debug|Any CPU
		{CB01A443-89E7-42ED-9A44-FC8884B7457F}.Debug|Any CPU.Build.0 = Debug|Any CPU
		{CB01A443-89E7-42ED-9A44-FC8884B7457F}.Debug|Any CPU.Deploy.0 = Debug|Any CPU
		{CB01A443-89E7-42ED-9A44-FC8884B7457F}.Debug|iPhone.ActiveCfg = Debug|Any CPU
		{CB01A443-89E7-42ED-9A44-FC8884B7457F}.Debug|iPhone.Build.0 = Debug|Any CPU
		{CB01A443-89E7-42ED-9A44-FC8884B7457F}.Debug|iPhone.Deploy.0 = Debug|Any CPU
		{CB01A443-89E7-42ED-9A44-FC8884B7457F}.Debug|iPhoneSimulator.ActiveCfg = Debug|Any CPU
		{CB01A443-89E7-42ED-9A44-FC8884B7457F}.Debug|iPhoneSimulator.Build.0 = Debug|Any CPU
		{CB01A443-89E7-42ED-9A44-FC8884B7457F}.Debug|iPhoneSimulator.Deploy.0 = Debug|Any CPU
		{CB01A443-89E7-42ED-9A44-FC8884B7457F}.Release|Any CPU.ActiveCfg = Release|Any CPU
		{CB01A443-89E7-42ED-9A44-FC8884B7457F}.Release|Any CPU.Build.0 = Release|Any CPU
		{CB01A443-89E7-42ED-9A44-FC8884B7457F}.Release|Any CPU.Deploy.0 = Release|Any CPU
		{CB01A443-89E7-42ED-9A44-FC8884B7457F}.Release|iPhone.ActiveCfg = Release|Any CPU
		{CB01A443-89E7-42ED-9A44-FC8884B7457F}.Release|iPhone.Build.0 = Release|Any CPU
		{CB01A443-89E7-42ED-9A44-FC8884B7457F}.Release|iPhone.Deploy.0 = Release|Any CPU
		{CB01A443-89E7-42ED-9A44-FC8884B7457F}.Release|iPhoneSimulator.ActiveCfg = Release|Any CPU
		{CB01A443-89E7-42ED-9A44-FC8884B7457F}.Release|iPhoneSimulator.Build.0 = Release|Any CPU
		{CB01A443-89E7-42ED-9A44-FC8884B7457F}.Release|iPhoneSimulator.Deploy.0 = Release|Any CPU
		{F3574C6D-B0CE-4587-A55D-996644257876}.Debug|Any CPU.ActiveCfg = Debug|iPhoneSimulator
		{F3574C6D-B0CE-4587-A55D-996644257876}.Debug|Any CPU.Build.0 = Debug|iPhoneSimulator
		{F3574C6D-B0CE-4587-A55D-996644257876}.Debug|iPhone.ActiveCfg = Debug|iPhone
		{F3574C6D-B0CE-4587-A55D-996644257876}.Debug|iPhone.Build.0 = Debug|iPhone
		{F3574C6D-B0CE-4587-A55D-996644257876}.Debug|iPhoneSimulator.ActiveCfg = Debug|iPhoneSimulator
		{F3574C6D-B0CE-4587-A55D-996644257876}.Debug|iPhoneSimulator.Build.0 = Debug|iPhoneSimulator
		{F3574C6D-B0CE-4587-A55D-996644257876}.Release|Any CPU.ActiveCfg = Release|iPhoneSimulator
		{F3574C6D-B0CE-4587-A55D-996644257876}.Release|Any CPU.Build.0 = Release|iPhoneSimulator
		{F3574C6D-B0CE-4587-A55D-996644257876}.Release|iPhone.ActiveCfg = Release|iPhone
		{F3574C6D-B0CE-4587-A55D-996644257876}.Release|iPhone.Build.0 = Release|iPhone
		{F3574C6D-B0CE-4587-A55D-996644257876}.Release|iPhoneSimulator.ActiveCfg = Release|iPhoneSimulator
		{F3574C6D-B0CE-4587-A55D-996644257876}.Release|iPhoneSimulator.Build.0 = Release|iPhoneSimulator
	EndGlobalSection
	GlobalSection(SolutionProperties) = preSolution
		HideSolutionNode = FALSE
	EndGlobalSection
	GlobalSection(NestedProjects) = preSolution
		{C930925C-64DE-4553-9EF5-D45ECA941469} = {367D2951-41D1-4AD2-8CB1-067B9CFDBD3A}
		{CB01A443-89E7-42ED-9A44-FC8884B7457F} = {367D2951-41D1-4AD2-8CB1-067B9CFDBD3A}
		{F3574C6D-B0CE-4587-A55D-996644257876} = {367D2951-41D1-4AD2-8CB1-067B9CFDBD3A}
	EndGlobalSection
	GlobalSection(ExtensibilityGlobals) = postSolution
		SolutionGuid = {D1156D25-73FF-4D5A-82E3-961DECF13000}
	EndGlobalSection
EndGlobal
